
Microsoft Visual Studio Solution File, Format Version 12.00
# Visual Studio 15
VisualStudioVersion = 15.0.28010.2026
MinimumVisualStudioVersion = 10.0.40219.1
Project("{FAE04EC0-301F-11D3-BF4B-00C04F79EFBC}") = "WaterMango", "WaterMango\WaterMango.csproj", "{10800706-D9D3-427F-994B-6AD0CCEB2D88}"
EndProject
Global
	GlobalSection(SolutionConfigurationPlatforms) = preSolution
		Debug|Any CPU = Debug|Any CPU
		Release|Any CPU = Release|Any CPU
	EndGlobalSection
	GlobalSection(ProjectConfigurationPlatforms) = postSolution
		{10800706-D9D3-427F-994B-6AD0CCEB2D88}.Debug|Any CPU.ActiveCfg = Debug|Any CPU
		{10800706-D9D3-427F-994B-6AD0CCEB2D88}.Debug|Any CPU.Build.0 = Debug|Any CPU
		{10800706-D9D3-427F-994B-6AD0CCEB2D88}.Release|Any CPU.ActiveCfg = Release|Any CPU
		{10800706-D9D3-427F-994B-6AD0CCEB2D88}.Release|Any CPU.Build.0 = Release|Any CPU
	EndGlobalSection
	GlobalSection(SolutionProperties) = preSolution
		HideSolutionNode = FALSE
	EndGlobalSection
	GlobalSection(ExtensibilityGlobals) = postSolution
		SolutionGuid = {EFA16E3E-476F-4A3E-9104-934D14B4E4CD}
	EndGlobalSection
EndGlobal
